
Microsoft Visual Studio Solution File, Format Version 12.00
# Visual Studio Version 16
VisualStudioVersion = 16.0.810.11
MinimumVisualStudioVersion = 10.0.40219.1
Project("{FAE04EC0-301F-11D3-BF4B-00C04F79EFBC}") = "TrickingLibrary.api", "TrickingLibrary.api\TrickingLibrary.api.csproj", "{ABB26373-D453-4921-93EF-3C233F282D9C}"
EndProject
Global
	GlobalSection(SolutionConfigurationPlatforms) = preSolution
		Debug|Any CPU = Debug|Any CPU
		Release|Any CPU = Release|Any CPU
	EndGlobalSection
	GlobalSection(ProjectConfigurationPlatforms) = postSolution
		{ABB26373-D453-4921-93EF-3C233F282D9C}.Debug|Any CPU.ActiveCfg = Debug|Any CPU
		{ABB26373-D453-4921-93EF-3C233F282D9C}.Debug|Any CPU.Build.0 = Debug|Any CPU
		{ABB26373-D453-4921-93EF-3C233F282D9C}.Release|Any CPU.ActiveCfg = Release|Any CPU
		{ABB26373-D453-4921-93EF-3C233F282D9C}.Release|Any CPU.Build.0 = Release|Any CPU
	EndGlobalSection
	GlobalSection(SolutionProperties) = preSolution
		HideSolutionNode = FALSE
	EndGlobalSection
	GlobalSection(ExtensibilityGlobals) = postSolution
		SolutionGuid = {ADDC1A90-EB5B-4FA5-AF9D-65F77A95FBBE}
	EndGlobalSection
EndGlobal
